{
  "name": "cushetunkblueheron",
  "version": "1.0.0",
  "lockfileVersion": 2,
  "requires": true,
  "packages": {
    "": {
      "name": "cushetunkblueheron",
      "version": "1.0.0",
      "license": "ISC",
      "dependencies": {
        "collect.js": "^4.34.3",
        "moment": "^2.29.4"
      },
      "devDependencies": {}
    },
    "node_modules/collect.js": {
      "version": "4.34.3",
      "resolved": "https://registry.npmjs.org/collect.js/-/collect.js-4.34.3.tgz",
      "integrity": "sha512-aFr67xDazPwthsGm729mnClgNuh15JEagU6McKBKqxuHOkWL7vMFzGbhsXDdPZ+H6ia5QKIMGYuGOMENBHnVpg=="
    },
    "node_modules/moment": {
      "version": "2.29.4",
      "resolved": "https://registry.npmjs.org/moment/-/moment-2.29.4.tgz",
      "integrity": "sha512-5LC9SOxjSc2HF6vO2CyuTDNivEdoz2IvyJJGj6X8DJ0eFyfszE0QiEd+iXmBvUP3WHxSjFH/vIsA0EN00cgr8w==",
      "engines": {
        "node": "*"
      }
    }
  },
  "dependencies": {
    "collect.js": {
      "version": "4.34.3",
      "resolved": "https://registry.npmjs.org/collect.js/-/collect.js-4.34.3.tgz",
      "integrity": "sha512-aFr67xDazPwthsGm729mnClgNuh15JEagU6McKBKqxuHOkWL7vMFzGbhsXDdPZ+H6ia5QKIMGYuGOMENBHnVpg=="
    },
    "moment": {
      "version": "2.29.4",
      "resolved": "https://registry.npmjs.org/moment/-/moment-2.29.4.tgz",
      "integrity": "sha512-5LC9SOxjSc2HF6vO2CyuTDNivEdoz2IvyJJGj6X8DJ0eFyfszE0QiEd+iXmBvUP3WHxSjFH/vIsA0EN00cgr8w=="
    }
  }
}
